{
  "version": 4,
  "terraform_version": "1.11.0",
  "serial": 41,
  "lineage": "60e44515-0e63-7df3-2bee-d8040aee7615",
  "outputs": {
    "resource_group_location": {
      "value": "westeurope",
      "type": "string"
    },
    "resource_group_name": {
      "value": "terraform-rg",
      "type": "string"
    }
  },
  "resources": [
    {
      "mode": "managed",
      "type": "azurerm_container_registry",
      "name": "acr",
      "provider": "provider[\"registry.terraform.io/hashicorp/azurerm\"]",
      "instances": [
        {
          "schema_version": 2,
          "attributes": {
            "admin_enabled": true,
            "admin_password": "BZuItDQ0Y55cWyrStIzJJHbsnmVzvzi3wDwcUN2JDA+ACRCdCgQy",
            "admin_username": "terraformacr2025",
            "anonymous_pull_enabled": false,
            "data_endpoint_enabled": false,
            "encryption": [],
            "export_policy_enabled": true,
            "georeplications": [],
            "id": "/subscriptions/2d171ba6-7d61-4bf5-a589-4f6469c86050/resourceGroups/terraform-rg/providers/Microsoft.ContainerRegistry/registries/terraformacr2025",
            "identity": [],
            "location": "westeurope",
            "login_server": "terraformacr2025.azurecr.io",
            "name": "terraformacr2025",
            "network_rule_bypass_option": "AzureServices",
            "network_rule_set": [],
            "public_network_access_enabled": true,
            "quarantine_policy_enabled": false,
            "resource_group_name": "terraform-rg",
            "retention_policy_in_days": 0,
            "sku": "Basic",
            "tags": {},
            "timeouts": null,
            "trust_policy_enabled": false,
            "zone_redundancy_enabled": false
          },
          "sensitive_attributes": [
            [
              {
                "type": "get_attr",
                "value": "admin_password"
              }
            ]
          ],
          "private": "eyJlMmJmYjczMC1lY2FhLTExZTYtOGY4OC0zNDM2M2JjN2M0YzAiOnsiY3JlYXRlIjoxODAwMDAwMDAwMDAwLCJkZWxldGUiOjE4MDAwMDAwMDAwMDAsInJlYWQiOjMwMDAwMDAwMDAwMCwidXBkYXRlIjoxODAwMDAwMDAwMDAwfSwic2NoZW1hX3ZlcnNpb24iOiIyIn0=",
          "dependencies": [
            "azurerm_resource_group.rg"
          ]
        }
      ]
    },
    {
      "mode": "managed",
      "type": "azurerm_kubernetes_cluster",
      "name": "tf-aks",
      "provider": "provider[\"registry.terraform.io/hashicorp/azurerm\"]",
      "instances": [
        {
          "schema_version": 2,
          "attributes": {
            "aci_connector_linux": [],
            "api_server_access_profile": [],
            "auto_scaler_profile": [],
            "automatic_upgrade_channel": "",
            "azure_active_directory_role_based_access_control": [],
            "azure_policy_enabled": null,
            "confidential_computing": [],
            "cost_analysis_enabled": false,
            "current_kubernetes_version": "1.30.9",
            "default_node_pool": [
              {
                "auto_scaling_enabled": false,
                "capacity_reservation_group_id": "",
                "fips_enabled": false,
                "gpu_instance": "",
                "host_encryption_enabled": false,
                "host_group_id": "",
                "kubelet_config": [],
                "kubelet_disk_type": "OS",
                "linux_os_config": [],
                "max_count": 0,
                "max_pods": 250,
                "min_count": 0,
                "name": "nodepool",
                "node_count": 1,
                "node_labels": {},
                "node_network_profile": [],
                "node_public_ip_enabled": false,
                "node_public_ip_prefix_id": "",
                "only_critical_addons_enabled": false,
                "orchestrator_version": "1.30",
                "os_disk_size_gb": 128,
                "os_disk_type": "Managed",
                "os_sku": "Ubuntu",
                "pod_subnet_id": "",
                "proximity_placement_group_id": "",
                "scale_down_mode": "Delete",
                "snapshot_id": "",
                "tags": null,
                "temporary_name_for_rotation": "",
                "type": "VirtualMachineScaleSets",
                "ultra_ssd_enabled": false,
                "upgrade_settings": [
                  {
                    "drain_timeout_in_minutes": 0,
                    "max_surge": "10%",
                    "node_soak_duration_in_minutes": 0
                  }
                ],
                "vm_size": "Standard_B2s",
                "vnet_subnet_id": "",
                "workload_runtime": "",
                "zones": null
              }
            ],
            "disk_encryption_set_id": "",
            "dns_prefix": "casopractico2",
            "dns_prefix_private_cluster": "",
            "edge_zone": "",
            "fqdn": "casopractico2-19ojbdar.hcp.westeurope.azmk8s.io",
            "http_application_routing_enabled": null,
            "http_application_routing_zone_name": null,
            "http_proxy_config": [],
            "id": "/subscriptions/2d171ba6-7d61-4bf5-a589-4f6469c86050/resourceGroups/terraform-rg/providers/Microsoft.ContainerService/managedClusters/aks-casopractico2",
            "identity": [
              {
                "identity_ids": null,
                "principal_id": "82227edf-d070-471d-9390-2b286fc42b78",
                "tenant_id": "899789dc-202f-44b4-8472-a6d40f9eb440",
                "type": "SystemAssigned"
              }
            ],
            "image_cleaner_enabled": null,
            "image_cleaner_interval_hours": null,
            "ingress_application_gateway": [],
            "key_management_service": [],
            "key_vault_secrets_provider": [],
            "kube_admin_config": [],
            "kube_admin_config_raw": "",
            "kube_config": [
              {
                "client_certificate": "LS0tLS1CRUdJTiBDRVJUSUZJQ0FURS0tLS0tCk1JSUZIVENDQXdXZ0F3SUJBZ0lRZFNlcTFoSUVBV2tZUHpDOHFqWjFpekFOQmdrcWhraUc5dzBCQVFzRkFEQU4KTVFzd0NRWURWUVFERXdKallUQWVGdzB5TlRBek1Ea3hNakEzTlRkYUZ3MHlOekF6TURreE1qRTNOVGRhTURBeApGekFWQmdOVkJBb1REbk41YzNSbGJUcHRZWE4wWlhKek1SVXdFd1lEVlFRREV3eHRZWE4wWlhKamJHbGxiblF3CmdnSWlNQTBHQ1NxR1NJYjNEUUVCQVFVQUE0SUNEd0F3Z2dJS0FvSUNBUUREeFo5MEdPL0JuTlJkT1ArU0RtY3QKSlJSdmhmek1MallaRE5UMWxrQnhhellXSUZ6d2REYnE1d0tuMCtKMlRNN0lUQk1IY1gzS2RQQmJUR2g4aU0ySwo0dzcvU0p3RWsxMC9laDQvSGg2U1U5ekhoV3ExZEt4N2pqMXFzZjFFaWNuY3lPMEVieEd5ellZR3JqMm5vMTZKCjE5MHgrbHovem5CZ2ZlMnhVODlhRUxQc3JMaXhyMExiamZqOTRweVpZK2NEc0RHL0dybVR6T2dDQjZwUFR3NGcKaUJ0cmlFays2NVExT213NG9mNXh5SVhlSnhhNEtEbjNpL2tWd3gvNTE3VVFmeGdIUTc4U2VKbldmZGYxMWk3UAprU29hSGpmaklMd2ZlVGlmaVVHbFFXa2ltM2kyK00wRHlWVWJ3NEdERTc4d0p2WllOdGozNXBsYzRGY1RYUU1MClk1U0FOTmpmSHo1aXVTUUNXMldnLzlRaGN5VGMySUNhVjdYbWdQYnF5Yy9GOHlPNTNNVnJlMmFsU0ltNGRWSTUKaXJGUC9zUHFZVXJsUXlOVjYyYVlkcUIycUh3a1ZyYjhtb1JSMTFnNEc1RGc2MXBGYmt5TkZtaFlDVkNHSW5qRgpudDRTY2NiVW9PSWFzbUVNaE56VjZlaUNuOFJJTGRxYi95UE13aEQrelpMU3dYWi93bnRRc1hrVXAyNTNrUkhGCmdzOXBOTWxqaHpyUVVBTVdjbWZPNDJqTlV5ZnVwOEhuSU1MaFk4b2lXWFp2V0FEQU1ReWh2dzh6cmR1QlZueksKNVFMR1NmdUQzNDR5OGlKMWI5UWEwaDMwR0pRL0U2TEJCcm45SFgzd2FOMFJZQ3kzY1lBTmpiV1NiRmxLYnlybQo5dXlnWS9HRVlZVE0vaE9WVTlyUnJ3SURBUUFCbzFZd1ZEQU9CZ05WSFE4QkFmOEVCQU1DQmFBd0V3WURWUjBsCkJBd3dDZ1lJS3dZQkJRVUhBd0l3REFZRFZSMFRBUUgvQkFJd0FEQWZCZ05WSFNNRUdEQVdnQlI0QTRuNlpkZUgKVEkycGxHaWZwOUhoM2UxSGFUQU5CZ2txaGtpRzl3MEJBUXNGQUFPQ0FnRUF4U1QxTTl0WnU0dlR4d0dvVDloRQpoVGtpYzJJdmVRRVI5dDlaVWpsNm5Kd0w1ekdoeTV1alBIelN1Q3R1R0xOMFBTekROaFZuN01IQm56VjdxOFRhCmtISzVBU2hVMGJ2VUhqTHh3VHBVK2ZXa1lMR0VYM3VUb0x2ZWNpd2tFUTkwQTZXdjczZ2JPeWFXV2hISU9uTU8KNWx6Nkgvc0RkaWlzaVZpYXc3d2dXWlNWVENGSHpPREg4V0cxOVVkTk5rTldYNUNRRXhrWXY4bnF5NTgzWVJyVgpsZGhqT3kvQSsyQ1RId3hBQ280andzaGg5S1NjZk9lT1NMTmRlMXRNd1RMS2VIcEJTMFFiYVJSVDdPM2lyWHh1CjBUL0l6RFQ2Qmx6K1RUYko5OTFMc3JXeHc0SGF3eTJMMGxnVThzb1NoS1BYQ2Fnb0tPYTlSTm1UL0x6cXdRN0gKVUkxNTZ5T0xXa2xsMGtYaTAwOHpNSXVKVHhFa3IyL1d1bHJBT1VCQmhWcklpRzgzMiswZ0FCazVCS0x1Z2xMNQpnejgyblBOUkYxb2d0bk5PUEpSbHlqZGpsR2MzUkRhOVlWYTNtVXBEVmd2dGVmMFBodjFMdXBKRzFZYTlNMVNlCjcwR1RaeUlzdEZzWElORzY4K0YzVm0wSGZkZUU3eUxwKzB5SDVGNDVQK1c4V2tmSW5qN04vamNua2I4c3ZoL2IKdThvRSs0b0doNmlSbjRoUGJqZ2Z4MGlGOGY5RjdDRTZ4Slh1cklKbVNNem14Q2lmeGFVd3BPTG44MzRtYlJrNgptRDZZOGw5Z1ViTGtpdlg4ejdKTDZQQThrajR2VVhxRXV6U1NQTnZ6N2tuRk9TOUs1dFFxNUR4VXVtN0M3aW40CnJZU3VwRWVYUXc0UmpndFBaai9hc3FrPQotLS0tLUVORCBDRVJUSUZJQ0FURS0tLS0tCg==",
                "client_key": "LS0tLS1CRUdJTiBSU0EgUFJJVkFURSBLRVktLS0tLQpNSUlKS2dJQkFBS0NBZ0VBdzhXZmRCanZ3WnpVWFRqL2tnNW5MU1VVYjRYOHpDNDJHUXpVOVpaQWNXczJGaUJjCjhIUTI2dWNDcDlQaWRrek95RXdUQjNGOXluVHdXMHhvZklqTml1TU8vMGljQkpOZFAzb2VQeDRla2xQY3g0VnEKdFhTc2U0NDlhckg5UkluSjNNanRCRzhSc3MyR0JxNDlwNk5laWRmZE1mcGMvODV3WUgzdHNWUFBXaEN6N0t5NApzYTlDMjQzNC9lS2NtV1BuQTdBeHZ4cTVrOHpvQWdlcVQwOE9JSWdiYTRoSlB1dVVOVHBzT0tIK2NjaUYzaWNXCnVDZzU5NHY1RmNNZitkZTFFSDhZQjBPL0VuaVoxbjNYOWRZdXo1RXFHaDQzNHlDOEgzazRuNGxCcFVGcElwdDQKdHZqTkE4bFZHOE9CZ3hPL01DYjJXRGJZOSthWlhPQlhFMTBEQzJPVWdEVFkzeDgrWXJra0FsdGxvUC9VSVhNawozTmlBbWxlMTVvRDI2c25QeGZNanVkekZhM3RtcFVpSnVIVlNPWXF4VC83RDZtRks1VU1qVmV0bW1IYWdkcWg4CkpGYTIvSnFFVWRkWU9CdVE0T3RhUlc1TWpSWm9XQWxRaGlKNHhaN2VFbkhHMUtEaUdySmhESVRjMWVub2dwL0UKU0MzYW0vOGp6TUlRL3MyUzBzRjJmOEo3VUxGNUZLZHVkNUVSeFlMUGFUVEpZNGM2MEZBREZuSm56dU5velZNbgo3cWZCNXlEQzRXUEtJbGwyYjFnQXdERU1vYjhQTTYzYmdWWjh5dVVDeGtuN2c5K09NdklpZFcvVUd0SWQ5QmlVClB4T2l3UWE1L1IxOThHamRFV0FzdDNHQURZMjFrbXhaU204cTV2YnNvR1B4aEdHRXpQNFRsVlBhMGE4Q0F3RUEKQVFLQ0FnQkVKK2o3WWpNV0ZLTmFVUjJvbTVzUC9IakEyc1RIME03RXFkTDZMUFVDaDNDdEExZFgzeDIvYWUxaQp3RUYzTGdaUGRTeXF5cmdnWTlYSjh5L3RLek5qeHVqUnQxV1p3alFVaFU5Q2FobjZsM2VsZnExSHZ2Yk5qUmVVCnJhS2UyZG1OSStaZ1JNckVsUWkwQ3JVc1I1UUNLVVM0d1pEZS9kL2h0L1dvWnFVcGxlY04zcFB1U0RYZWVlN1YKZEs5UU41ZVZrU0hBaG0xVkoyRWVVOHpYRDQ2N2hLY0hLTXRYUEd5OG16cFIvUk80U1RkUndBb0kwdmhiVmovQgpjODBPRGlyYk0yUUtJMnZCNG5xc1VlTjlrck41VC9CNFowek5wZmZZZlR0WlQwK3JXTHBoY2Y3MHRHbXJoOHc1CmZqYjRpMGRrWEN3blNmRC9YU2pIVE5NRHlyM2ovVUJJUHFSbDFXd2tlVW5CYmRPN0R0L1hlSGlLNUFWNm9VRXMKYmYxSE1NVFhnbmR5MStTaFk3ZSs4cUYrR3NwSzJ1dlNEMkEyaGg4KzVvRGRYQkkxVFlWRVRVWkJqZUNnd2xidAptWERSdzhuT3hya3BJN1N1NE1KMVRuZVJ3czBkTTl5ZkFKQklFaGVoSW1KcXFUWHhLOWtHUzF3Y3lQUENEeVVUCkxlQmQ2cjBUQ1pwbHhQQ2JueFZtd2R4YlJzQW9qMjRwbHVpNEdSaXJZNW5SSVgycC9WbjBsUVJYSVMvQVFPZkcKNGVSSWhRRHNXM29ZQzFiazA4ZkFvM2E1YlNHemN1Y2taRUJLMjBpK0lkSm5VVjFuMlhLQm41SFNPMFVEZU9nRgpSZkIzdW14dDVWUU9obkV6eFdLb04xOFFkcnIrMGY5N2NIMU9DNkFFNERDL0dDcTFBUUtDQVFFQTQ4dzlwbXllCmozdm9PRnpsUi9ycFVYek9FaW1YSzRMMWcyZFd0UGNGUXFGUXV5TS9WN21QMkhRcjhSbCtyUEpoTHZZcXRWRVQKYWlXaE4yVVBIVWhrNE96QU5uOUNrdU9RbFNCems0TXRIRVB3NWpUQngzMzJMcjZpMHA1cVpiVzZvUm1PRnRheQo4SCtnRFpVTlN0TjRyYVk2YTBlbjRMVlNWMVJmR3U3ZE4rWWZyOXU1VDZxNmRrZUg1Nm4rL0FyelJEMTk2L0FsCm8xTCswRm5jQVVxSjIrM2xhSGlEZGR6YTZjVlRkeTRMbnc3VFNXam94c0ZrUW91SUpkSU96cXBWcm9SSHFOd3QKQjdkMVZHZ0loWndOc0MveHBSd2IxYWV2cURhUERQendPOXZIWG85RWNRUkNoYml1NGlCSHo3ZGg2YXhwSHJvSgpjOTlVRGRlSFVsaloxUUtDQVFFQTNBSmRJMGtEODd0ZHQrbElRWDhWWE9VVDZmVWhjMXdXa2tvWmdDSEVzbjIyCjE1d1F5YmhHaWVRVkRSeGhVY3QrNWJXZFF5UElpRkNuYit0NUd5Tmthd2xUSS9UUkJkMnJpZml4anovcHU5bDUKdFZsbDRzcktYZlFrVS80NVBnZjYwc0JiR0xPM0JvOGs1aHA3VTRXb1FZZTd4TXZpVHgxRDROR09lUFRDVUJOcApZNnpxQUdNU1NRRmZQNDJScmpZTEtHbkl3bHdnRWF6aWFtczlYZXM3di94U0JzVXZMQktoWkNQaWpQcG1zUGFzCm5RL25KdndSa0I3b2NZT08yaGt1OTdqQ0FKT0FMdDMrMkJFMlRDK0NwSytYUUtBbXI0bWZreW9NUDB1SGFmOEsKbld0UnJCeGFDWWdMMGZORWNWMWdTSU0wNzloWmI5S0c4Rm5kRTFtYmN3S0NBUUVBdTN3VzVZbVNldjk5SWg1Ngo2dUk4ODc5bmo1VkJnU05ZMUJ6U1JVRGx5SEFpbE5NdXlCSEdyVnozNllpVk5OeU1WZTF2T3lvT2M1ZWk5NGVxCmgreFVjcmNJZ0JIL2hndmJySkUzN3BuUkgrbGZOT2tJOEJyZzZwb21Rbmoxa3Q2ZVN3ZFFaY1d4SXJXMzBsWHgKeWJzQklOS21WRE4yblVBL0UvY3lDMlc3RnMzRkdLVWNBTkRBaEtiYzJUT1YxSFZpd0xCbm1pOWRtdTJ0SVdoRAo1YUFtbEtkWTM4SUlXSkk4YnBqazJEdENmMWZoV0JNTE9zSml0VTVIOFBEUkZSRW1VZXMzVzJoVGUzMW9DTjlTCjNEeVRHNFpxT1AxSWYzRnk1bHg1SWpSdnVLUnJrNDBReEgvQURIVHpJdE4wcHlZRVpTRnNwMGh3alRpcTRuV1kKUDVNM1BRS0NBUUVBaXJaUzByUnVjWFZvbVZQVDRyZWxXSFIySWNRVDJ3L3Npejk4NUhSbDk4T2JURVZ4c0QwbQovRGw1ckZLQWFYbk1BRGlKZHBOUkUrRUdNR0plY09YWG9rUzJ6cXpFUE5hT0dPZGJ5OTJZR0gvOVpJR0E0NFRJCklvU1Rnd0YrUmNYeU5uNWc4U29kODF5OC92Y2pXbjJpbis1Y1RLL2ZkOUlUd2VOZDJKVTVEaE92RnRFbW1DZmUKbDNqdC9MdmRaZUZkRjVYYXBmQS9wK1ZBdTZmeGdRMlhGbXlYcXYwWHlNbldSN1Q0V2JwbWxKeHlLSFNtWU1YOApyTWxQOUlIbHgweXBlRFpjMnRBa3VXZnVEWHlNcDJ3dENuaEsvTXY4bUNCRkpCd1dyTEdLSnlKT0p3Sks5Q0RNCkE4WnE3V3hiY3I1VXZtTTdOUjFMQmwzT0Jpd2lYdGpZVVFLQ0FRRUExdm1lWW9FWUFJa1Y1VGR1cFZEWWtETnkKbjFPdmlkajZKcU1xK0VuK0NGdWZWc2hkZW1sUENrU1h1bXE5VHJFT2FIWjBoRktTcFRHcmlqc1VNUWo3M3VZUQpDZFdkTkV6TVFrRGFnWEZIbk5NMmVaU25GWGliRENGYnpxelhnTkdHamx6Q1J1TG8zWllMNTFiT1YvQ2I3Vml2CkFWb3lzM1IxbFNzUnVsV29BaVhtZFE5L1R0YlFZaEFMYStZTmpkdzEvUU81M0hBWnJLY3lKRHkyMEFoSWx0T20KamE0bkRmZXArREZyazVzWFZYVUIvaVNCYXVCczgvTWcxM1ZtYXJ5Tkc3N0w2cVNOVHNCQk5HejFKTkh3RmlzYgpqWVpZbnV1THJDUytzZ1c4S2ZWamdrUkthSURmNHNCWjM4ajBqSDZmbEs4YXdsbTA4ZCt3WUwzV3MrT3p4UT09Ci0tLS0tRU5EIFJTQSBQUklWQVRFIEtFWS0tLS0tCg==",
                "cluster_ca_certificate": "LS0tLS1CRUdJTiBDRVJUSUZJQ0FURS0tLS0tCk1JSUU2RENDQXRDZ0F3SUJBZ0lRUjVFVzQ1bktBdDFpT1dTeUZHM2xmekFOQmdrcWhraUc5dzBCQVFzRkFEQU4KTVFzd0NRWURWUVFERXdKallUQWdGdzB5TlRBek1Ea3hNakEzTlRkYUdBOHlNRFUxTURNd09URXlNVGMxTjFvdwpEVEVMTUFrR0ExVUVBeE1DWTJFd2dnSWlNQTBHQ1NxR1NJYjNEUUVCQVFVQUE0SUNEd0F3Z2dJS0FvSUNBUURNCmtzRmIvWm9taThPSmwzVzR6YnFRN1JQOFRDWDczaDUzTlYrajhKS2s1ZU4vVVZqazhhVzVrc1RscXdDYVBPdXgKQ2JYNVh2SDVUY3NtTDNXWERDSEd0UmZ5bjhmVEJtZG5NZDhON2F4RlEyelJDM1FEQlNFSGhOMmZzRVhIOWJ1MQp0Z3RFcWtFRXZkb0xKTVY5Tk5PQXpxMEw3Sjh6clJQVGV2WVd0ZE5aTGxrZEZoSFZOTXc3QlE0eE5aRTZ6N2FQCllDRU5xeE82MzlSWXAvL2RYM3lNeTZiR3pyRGxLNXpUalFUVTRXT3pIamdpaXFiYVBUMUo2VmhBaGNjRGdGSkgKSFFYOTNIT0w3Y0FZS1ZtRFBDd3p4ZWI2U25raDVyTEtGa0dXYU9vWk9IOWNJQ0RMOVlubndEeFRmQ250Y3BkcQpKRlR3cUJCSkpPWXRaTnc0d2VsS1hoOURNcXR0d2Z1L2JXQ21ISlZhUEY2Q1ovajFiSkN0TElvSWJ1b1FpL0d0CmZJd1hNY2hqd0tONjQ4UDNxeHVFRjNGSFRHN2hxWGZnZGRNeURUSWVJVWxmK096Q2ZoOVBhTVFLL054TVB6YmUKSVN5N0NRclQxNEdYYjF1aU90S0F1UGZxYVpZWjF4Zk9zV0R5ZHZKdUcvUEliNVZvS0xDenJPNkZYc0J5Y2UyMApOTmxtV2pvWDMrU20rZ1Z6RlExMmRSeEtsNE45UzhlQlpveDdJenpIbDNBR3gzdDBNaXdjR1lTbDljeldoWVZ4CjM3eTJZVHdDbDVNZmVJK2w2MXU4QVRqREJLazkyVzRaZkhZUlpDc1laOElFa2xnWlVQVTlNbTNPVkp3RU1DOWwKeXFCMmMwZDkzemN6VXRvVDcvZldoemw4UUdxWE1tNzVPeWZ4THZHOTd3SURBUUFCbzBJd1FEQU9CZ05WSFE4QgpBZjhFQkFNQ0FxUXdEd1lEVlIwVEFRSC9CQVV3QXdFQi96QWRCZ05WSFE0RUZnUVVlQU9KK21YWGgweU5xWlJvCm42ZlI0ZDN0UjJrd0RRWUpLb1pJaHZjTkFRRUxCUUFEZ2dJQkFEUysxRTdXOVJGdk1zZjVJVUtBdCtJZFhXdjIKYkJDOVVUN3BSbkIvUHVuRmw4SjhiUnFxbmJCUDNyUlJIRmh0UlVxWUV1UWZ5bmZ2TnNyTERJTGRBRzZkTktHbwpIU29KNjlqMlFXVnl3ckwwQ25oQTdGSzZ6UzdTcEdWK0pTUy9QMlY5WjVMb1d0ZWxGYlJxbDV5UEpUc3NDR21RCjJMN1o3S2tEQVltVWdxdjJpM2kzRXZtKzRlMTdUbCtJRHZRTGJaNUdrZ2pUN21qUW8rbWNoR2J4bDgyV1Vsa0cKb0ZxdTFteWZsVDRrMXJqeWRqdlNoMU1KL0QzVU5QWWwwTE1jSFV2YVZkbTAwR1dNcWFHNG1aK1QzcjI0bllEWApnMnlGNjNlb3F1OEFuNnhvQ3FYcDNuZ01pbzJ0enBVNTBjcXJ5aDdsUFNiRldRMVp3VlhkUzVjRlFHejBabjRaCnoxeGt6ZkxXa3hVTmNMSjNnMEljU0wxNU4wSVhmNEVLZE4wTEJUVFd4Q0RqejI4R2cxRitxVi8vMXNSY2Z3UVkKa05aWFBtUkE1MHo0SEs0cE5yUkpkaDdLRElmdFZsR1htZ21PWEpQbWMrNUdsQklEUmk0dVdxS3o4MXF6QUd5RgpvL1FZYUZQdk1aY1JtUXFsTXBiaWk1ME0vdHhLbk9rWXBzTlhxRi9FTm1JVmE5cGR2REx2QnNnSWg1L1pvb2YvCkdRQ3N1L05sZzYraHNDdzRaVUkxRjJNMGxGWXc2L0g0U1ZaeVB1VjRacFpHQnA4VEdDdlluckI0V0EvNTljaTQKMjkwNkdmdTZoak4vekdlQnJvZWIwYW9Gb2MxZHNaTHEvd3hXUENmM1dLbzBzcSt6eUFUZ24xanQycnRlcmJRRwo1UGQ3eGVUY2hNUDdiMnF5Ci0tLS0tRU5EIENFUlRJRklDQVRFLS0tLS0K",
                "host": "https://casopractico2-19ojbdar.hcp.westeurope.azmk8s.io:443",
                "password": "tdskm2ig30ueq2l7bvw574pu8d6z165o9bbqjelsui66xh0bnnxkipiq5vbustuybgidd3rh5jjc78ap8k1iaw7xz2lhvsi9nfq0jg4qt8q8tvvaam2uz3ekipt9tus1",
                "username": "clusterUser_terraform-rg_aks-casopractico2"
              }
            ],
            "kube_config_raw": "apiVersion: v1\nclusters:\n- cluster:\n    certificate-authority-data: LS0tLS1CRUdJTiBDRVJUSUZJQ0FURS0tLS0tCk1JSUU2RENDQXRDZ0F3SUJBZ0lRUjVFVzQ1bktBdDFpT1dTeUZHM2xmekFOQmdrcWhraUc5dzBCQVFzRkFEQU4KTVFzd0NRWURWUVFERXdKallUQWdGdzB5TlRBek1Ea3hNakEzTlRkYUdBOHlNRFUxTURNd09URXlNVGMxTjFvdwpEVEVMTUFrR0ExVUVBeE1DWTJFd2dnSWlNQTBHQ1NxR1NJYjNEUUVCQVFVQUE0SUNEd0F3Z2dJS0FvSUNBUURNCmtzRmIvWm9taThPSmwzVzR6YnFRN1JQOFRDWDczaDUzTlYrajhKS2s1ZU4vVVZqazhhVzVrc1RscXdDYVBPdXgKQ2JYNVh2SDVUY3NtTDNXWERDSEd0UmZ5bjhmVEJtZG5NZDhON2F4RlEyelJDM1FEQlNFSGhOMmZzRVhIOWJ1MQp0Z3RFcWtFRXZkb0xKTVY5Tk5PQXpxMEw3Sjh6clJQVGV2WVd0ZE5aTGxrZEZoSFZOTXc3QlE0eE5aRTZ6N2FQCllDRU5xeE82MzlSWXAvL2RYM3lNeTZiR3pyRGxLNXpUalFUVTRXT3pIamdpaXFiYVBUMUo2VmhBaGNjRGdGSkgKSFFYOTNIT0w3Y0FZS1ZtRFBDd3p4ZWI2U25raDVyTEtGa0dXYU9vWk9IOWNJQ0RMOVlubndEeFRmQ250Y3BkcQpKRlR3cUJCSkpPWXRaTnc0d2VsS1hoOURNcXR0d2Z1L2JXQ21ISlZhUEY2Q1ovajFiSkN0TElvSWJ1b1FpL0d0CmZJd1hNY2hqd0tONjQ4UDNxeHVFRjNGSFRHN2hxWGZnZGRNeURUSWVJVWxmK096Q2ZoOVBhTVFLL054TVB6YmUKSVN5N0NRclQxNEdYYjF1aU90S0F1UGZxYVpZWjF4Zk9zV0R5ZHZKdUcvUEliNVZvS0xDenJPNkZYc0J5Y2UyMApOTmxtV2pvWDMrU20rZ1Z6RlExMmRSeEtsNE45UzhlQlpveDdJenpIbDNBR3gzdDBNaXdjR1lTbDljeldoWVZ4CjM3eTJZVHdDbDVNZmVJK2w2MXU4QVRqREJLazkyVzRaZkhZUlpDc1laOElFa2xnWlVQVTlNbTNPVkp3RU1DOWwKeXFCMmMwZDkzemN6VXRvVDcvZldoemw4UUdxWE1tNzVPeWZ4THZHOTd3SURBUUFCbzBJd1FEQU9CZ05WSFE4QgpBZjhFQkFNQ0FxUXdEd1lEVlIwVEFRSC9CQVV3QXdFQi96QWRCZ05WSFE0RUZnUVVlQU9KK21YWGgweU5xWlJvCm42ZlI0ZDN0UjJrd0RRWUpLb1pJaHZjTkFRRUxCUUFEZ2dJQkFEUysxRTdXOVJGdk1zZjVJVUtBdCtJZFhXdjIKYkJDOVVUN3BSbkIvUHVuRmw4SjhiUnFxbmJCUDNyUlJIRmh0UlVxWUV1UWZ5bmZ2TnNyTERJTGRBRzZkTktHbwpIU29KNjlqMlFXVnl3ckwwQ25oQTdGSzZ6UzdTcEdWK0pTUy9QMlY5WjVMb1d0ZWxGYlJxbDV5UEpUc3NDR21RCjJMN1o3S2tEQVltVWdxdjJpM2kzRXZtKzRlMTdUbCtJRHZRTGJaNUdrZ2pUN21qUW8rbWNoR2J4bDgyV1Vsa0cKb0ZxdTFteWZsVDRrMXJqeWRqdlNoMU1KL0QzVU5QWWwwTE1jSFV2YVZkbTAwR1dNcWFHNG1aK1QzcjI0bllEWApnMnlGNjNlb3F1OEFuNnhvQ3FYcDNuZ01pbzJ0enBVNTBjcXJ5aDdsUFNiRldRMVp3VlhkUzVjRlFHejBabjRaCnoxeGt6ZkxXa3hVTmNMSjNnMEljU0wxNU4wSVhmNEVLZE4wTEJUVFd4Q0RqejI4R2cxRitxVi8vMXNSY2Z3UVkKa05aWFBtUkE1MHo0SEs0cE5yUkpkaDdLRElmdFZsR1htZ21PWEpQbWMrNUdsQklEUmk0dVdxS3o4MXF6QUd5RgpvL1FZYUZQdk1aY1JtUXFsTXBiaWk1ME0vdHhLbk9rWXBzTlhxRi9FTm1JVmE5cGR2REx2QnNnSWg1L1pvb2YvCkdRQ3N1L05sZzYraHNDdzRaVUkxRjJNMGxGWXc2L0g0U1ZaeVB1VjRacFpHQnA4VEdDdlluckI0V0EvNTljaTQKMjkwNkdmdTZoak4vekdlQnJvZWIwYW9Gb2MxZHNaTHEvd3hXUENmM1dLbzBzcSt6eUFUZ24xanQycnRlcmJRRwo1UGQ3eGVUY2hNUDdiMnF5Ci0tLS0tRU5EIENFUlRJRklDQVRFLS0tLS0K\n    server: https://casopractico2-19ojbdar.hcp.westeurope.azmk8s.io:443\n  name: aks-casopractico2\ncontexts:\n- context:\n    cluster: aks-casopractico2\n    user: clusterUser_terraform-rg_aks-casopractico2\n  name: aks-casopractico2\ncurrent-context: aks-casopractico2\nkind: Config\npreferences: {}\nusers:\n- name: clusterUser_terraform-rg_aks-casopractico2\n  user:\n    client-certificate-data: LS0tLS1CRUdJTiBDRVJUSUZJQ0FURS0tLS0tCk1JSUZIVENDQXdXZ0F3SUJBZ0lRZFNlcTFoSUVBV2tZUHpDOHFqWjFpekFOQmdrcWhraUc5dzBCQVFzRkFEQU4KTVFzd0NRWURWUVFERXdKallUQWVGdzB5TlRBek1Ea3hNakEzTlRkYUZ3MHlOekF6TURreE1qRTNOVGRhTURBeApGekFWQmdOVkJBb1REbk41YzNSbGJUcHRZWE4wWlhKek1SVXdFd1lEVlFRREV3eHRZWE4wWlhKamJHbGxiblF3CmdnSWlNQTBHQ1NxR1NJYjNEUUVCQVFVQUE0SUNEd0F3Z2dJS0FvSUNBUUREeFo5MEdPL0JuTlJkT1ArU0RtY3QKSlJSdmhmek1MallaRE5UMWxrQnhhellXSUZ6d2REYnE1d0tuMCtKMlRNN0lUQk1IY1gzS2RQQmJUR2g4aU0ySwo0dzcvU0p3RWsxMC9laDQvSGg2U1U5ekhoV3ExZEt4N2pqMXFzZjFFaWNuY3lPMEVieEd5ellZR3JqMm5vMTZKCjE5MHgrbHovem5CZ2ZlMnhVODlhRUxQc3JMaXhyMExiamZqOTRweVpZK2NEc0RHL0dybVR6T2dDQjZwUFR3NGcKaUJ0cmlFays2NVExT213NG9mNXh5SVhlSnhhNEtEbjNpL2tWd3gvNTE3VVFmeGdIUTc4U2VKbldmZGYxMWk3UAprU29hSGpmaklMd2ZlVGlmaVVHbFFXa2ltM2kyK00wRHlWVWJ3NEdERTc4d0p2WllOdGozNXBsYzRGY1RYUU1MClk1U0FOTmpmSHo1aXVTUUNXMldnLzlRaGN5VGMySUNhVjdYbWdQYnF5Yy9GOHlPNTNNVnJlMmFsU0ltNGRWSTUKaXJGUC9zUHFZVXJsUXlOVjYyYVlkcUIycUh3a1ZyYjhtb1JSMTFnNEc1RGc2MXBGYmt5TkZtaFlDVkNHSW5qRgpudDRTY2NiVW9PSWFzbUVNaE56VjZlaUNuOFJJTGRxYi95UE13aEQrelpMU3dYWi93bnRRc1hrVXAyNTNrUkhGCmdzOXBOTWxqaHpyUVVBTVdjbWZPNDJqTlV5ZnVwOEhuSU1MaFk4b2lXWFp2V0FEQU1ReWh2dzh6cmR1QlZueksKNVFMR1NmdUQzNDR5OGlKMWI5UWEwaDMwR0pRL0U2TEJCcm45SFgzd2FOMFJZQ3kzY1lBTmpiV1NiRmxLYnlybQo5dXlnWS9HRVlZVE0vaE9WVTlyUnJ3SURBUUFCbzFZd1ZEQU9CZ05WSFE4QkFmOEVCQU1DQmFBd0V3WURWUjBsCkJBd3dDZ1lJS3dZQkJRVUhBd0l3REFZRFZSMFRBUUgvQkFJd0FEQWZCZ05WSFNNRUdEQVdnQlI0QTRuNlpkZUgKVEkycGxHaWZwOUhoM2UxSGFUQU5CZ2txaGtpRzl3MEJBUXNGQUFPQ0FnRUF4U1QxTTl0WnU0dlR4d0dvVDloRQpoVGtpYzJJdmVRRVI5dDlaVWpsNm5Kd0w1ekdoeTV1alBIelN1Q3R1R0xOMFBTekROaFZuN01IQm56VjdxOFRhCmtISzVBU2hVMGJ2VUhqTHh3VHBVK2ZXa1lMR0VYM3VUb0x2ZWNpd2tFUTkwQTZXdjczZ2JPeWFXV2hISU9uTU8KNWx6Nkgvc0RkaWlzaVZpYXc3d2dXWlNWVENGSHpPREg4V0cxOVVkTk5rTldYNUNRRXhrWXY4bnF5NTgzWVJyVgpsZGhqT3kvQSsyQ1RId3hBQ280andzaGg5S1NjZk9lT1NMTmRlMXRNd1RMS2VIcEJTMFFiYVJSVDdPM2lyWHh1CjBUL0l6RFQ2Qmx6K1RUYko5OTFMc3JXeHc0SGF3eTJMMGxnVThzb1NoS1BYQ2Fnb0tPYTlSTm1UL0x6cXdRN0gKVUkxNTZ5T0xXa2xsMGtYaTAwOHpNSXVKVHhFa3IyL1d1bHJBT1VCQmhWcklpRzgzMiswZ0FCazVCS0x1Z2xMNQpnejgyblBOUkYxb2d0bk5PUEpSbHlqZGpsR2MzUkRhOVlWYTNtVXBEVmd2dGVmMFBodjFMdXBKRzFZYTlNMVNlCjcwR1RaeUlzdEZzWElORzY4K0YzVm0wSGZkZUU3eUxwKzB5SDVGNDVQK1c4V2tmSW5qN04vamNua2I4c3ZoL2IKdThvRSs0b0doNmlSbjRoUGJqZ2Z4MGlGOGY5RjdDRTZ4Slh1cklKbVNNem14Q2lmeGFVd3BPTG44MzRtYlJrNgptRDZZOGw5Z1ViTGtpdlg4ejdKTDZQQThrajR2VVhxRXV6U1NQTnZ6N2tuRk9TOUs1dFFxNUR4VXVtN0M3aW40CnJZU3VwRWVYUXc0UmpndFBaai9hc3FrPQotLS0tLUVORCBDRVJUSUZJQ0FURS0tLS0tCg==\n    client-key-data: LS0tLS1CRUdJTiBSU0EgUFJJVkFURSBLRVktLS0tLQpNSUlKS2dJQkFBS0NBZ0VBdzhXZmRCanZ3WnpVWFRqL2tnNW5MU1VVYjRYOHpDNDJHUXpVOVpaQWNXczJGaUJjCjhIUTI2dWNDcDlQaWRrek95RXdUQjNGOXluVHdXMHhvZklqTml1TU8vMGljQkpOZFAzb2VQeDRla2xQY3g0VnEKdFhTc2U0NDlhckg5UkluSjNNanRCRzhSc3MyR0JxNDlwNk5laWRmZE1mcGMvODV3WUgzdHNWUFBXaEN6N0t5NApzYTlDMjQzNC9lS2NtV1BuQTdBeHZ4cTVrOHpvQWdlcVQwOE9JSWdiYTRoSlB1dVVOVHBzT0tIK2NjaUYzaWNXCnVDZzU5NHY1RmNNZitkZTFFSDhZQjBPL0VuaVoxbjNYOWRZdXo1RXFHaDQzNHlDOEgzazRuNGxCcFVGcElwdDQKdHZqTkE4bFZHOE9CZ3hPL01DYjJXRGJZOSthWlhPQlhFMTBEQzJPVWdEVFkzeDgrWXJra0FsdGxvUC9VSVhNawozTmlBbWxlMTVvRDI2c25QeGZNanVkekZhM3RtcFVpSnVIVlNPWXF4VC83RDZtRks1VU1qVmV0bW1IYWdkcWg4CkpGYTIvSnFFVWRkWU9CdVE0T3RhUlc1TWpSWm9XQWxRaGlKNHhaN2VFbkhHMUtEaUdySmhESVRjMWVub2dwL0UKU0MzYW0vOGp6TUlRL3MyUzBzRjJmOEo3VUxGNUZLZHVkNUVSeFlMUGFUVEpZNGM2MEZBREZuSm56dU5velZNbgo3cWZCNXlEQzRXUEtJbGwyYjFnQXdERU1vYjhQTTYzYmdWWjh5dVVDeGtuN2c5K09NdklpZFcvVUd0SWQ5QmlVClB4T2l3UWE1L1IxOThHamRFV0FzdDNHQURZMjFrbXhaU204cTV2YnNvR1B4aEdHRXpQNFRsVlBhMGE4Q0F3RUEKQVFLQ0FnQkVKK2o3WWpNV0ZLTmFVUjJvbTVzUC9IakEyc1RIME03RXFkTDZMUFVDaDNDdEExZFgzeDIvYWUxaQp3RUYzTGdaUGRTeXF5cmdnWTlYSjh5L3RLek5qeHVqUnQxV1p3alFVaFU5Q2FobjZsM2VsZnExSHZ2Yk5qUmVVCnJhS2UyZG1OSStaZ1JNckVsUWkwQ3JVc1I1UUNLVVM0d1pEZS9kL2h0L1dvWnFVcGxlY04zcFB1U0RYZWVlN1YKZEs5UU41ZVZrU0hBaG0xVkoyRWVVOHpYRDQ2N2hLY0hLTXRYUEd5OG16cFIvUk80U1RkUndBb0kwdmhiVmovQgpjODBPRGlyYk0yUUtJMnZCNG5xc1VlTjlrck41VC9CNFowek5wZmZZZlR0WlQwK3JXTHBoY2Y3MHRHbXJoOHc1CmZqYjRpMGRrWEN3blNmRC9YU2pIVE5NRHlyM2ovVUJJUHFSbDFXd2tlVW5CYmRPN0R0L1hlSGlLNUFWNm9VRXMKYmYxSE1NVFhnbmR5MStTaFk3ZSs4cUYrR3NwSzJ1dlNEMkEyaGg4KzVvRGRYQkkxVFlWRVRVWkJqZUNnd2xidAptWERSdzhuT3hya3BJN1N1NE1KMVRuZVJ3czBkTTl5ZkFKQklFaGVoSW1KcXFUWHhLOWtHUzF3Y3lQUENEeVVUCkxlQmQ2cjBUQ1pwbHhQQ2JueFZtd2R4YlJzQW9qMjRwbHVpNEdSaXJZNW5SSVgycC9WbjBsUVJYSVMvQVFPZkcKNGVSSWhRRHNXM29ZQzFiazA4ZkFvM2E1YlNHemN1Y2taRUJLMjBpK0lkSm5VVjFuMlhLQm41SFNPMFVEZU9nRgpSZkIzdW14dDVWUU9obkV6eFdLb04xOFFkcnIrMGY5N2NIMU9DNkFFNERDL0dDcTFBUUtDQVFFQTQ4dzlwbXllCmozdm9PRnpsUi9ycFVYek9FaW1YSzRMMWcyZFd0UGNGUXFGUXV5TS9WN21QMkhRcjhSbCtyUEpoTHZZcXRWRVQKYWlXaE4yVVBIVWhrNE96QU5uOUNrdU9RbFNCems0TXRIRVB3NWpUQngzMzJMcjZpMHA1cVpiVzZvUm1PRnRheQo4SCtnRFpVTlN0TjRyYVk2YTBlbjRMVlNWMVJmR3U3ZE4rWWZyOXU1VDZxNmRrZUg1Nm4rL0FyelJEMTk2L0FsCm8xTCswRm5jQVVxSjIrM2xhSGlEZGR6YTZjVlRkeTRMbnc3VFNXam94c0ZrUW91SUpkSU96cXBWcm9SSHFOd3QKQjdkMVZHZ0loWndOc0MveHBSd2IxYWV2cURhUERQendPOXZIWG85RWNRUkNoYml1NGlCSHo3ZGg2YXhwSHJvSgpjOTlVRGRlSFVsaloxUUtDQVFFQTNBSmRJMGtEODd0ZHQrbElRWDhWWE9VVDZmVWhjMXdXa2tvWmdDSEVzbjIyCjE1d1F5YmhHaWVRVkRSeGhVY3QrNWJXZFF5UElpRkNuYit0NUd5Tmthd2xUSS9UUkJkMnJpZml4anovcHU5bDUKdFZsbDRzcktYZlFrVS80NVBnZjYwc0JiR0xPM0JvOGs1aHA3VTRXb1FZZTd4TXZpVHgxRDROR09lUFRDVUJOcApZNnpxQUdNU1NRRmZQNDJScmpZTEtHbkl3bHdnRWF6aWFtczlYZXM3di94U0JzVXZMQktoWkNQaWpQcG1zUGFzCm5RL25KdndSa0I3b2NZT08yaGt1OTdqQ0FKT0FMdDMrMkJFMlRDK0NwSytYUUtBbXI0bWZreW9NUDB1SGFmOEsKbld0UnJCeGFDWWdMMGZORWNWMWdTSU0wNzloWmI5S0c4Rm5kRTFtYmN3S0NBUUVBdTN3VzVZbVNldjk5SWg1Ngo2dUk4ODc5bmo1VkJnU05ZMUJ6U1JVRGx5SEFpbE5NdXlCSEdyVnozNllpVk5OeU1WZTF2T3lvT2M1ZWk5NGVxCmgreFVjcmNJZ0JIL2hndmJySkUzN3BuUkgrbGZOT2tJOEJyZzZwb21Rbmoxa3Q2ZVN3ZFFaY1d4SXJXMzBsWHgKeWJzQklOS21WRE4yblVBL0UvY3lDMlc3RnMzRkdLVWNBTkRBaEtiYzJUT1YxSFZpd0xCbm1pOWRtdTJ0SVdoRAo1YUFtbEtkWTM4SUlXSkk4YnBqazJEdENmMWZoV0JNTE9zSml0VTVIOFBEUkZSRW1VZXMzVzJoVGUzMW9DTjlTCjNEeVRHNFpxT1AxSWYzRnk1bHg1SWpSdnVLUnJrNDBReEgvQURIVHpJdE4wcHlZRVpTRnNwMGh3alRpcTRuV1kKUDVNM1BRS0NBUUVBaXJaUzByUnVjWFZvbVZQVDRyZWxXSFIySWNRVDJ3L3Npejk4NUhSbDk4T2JURVZ4c0QwbQovRGw1ckZLQWFYbk1BRGlKZHBOUkUrRUdNR0plY09YWG9rUzJ6cXpFUE5hT0dPZGJ5OTJZR0gvOVpJR0E0NFRJCklvU1Rnd0YrUmNYeU5uNWc4U29kODF5OC92Y2pXbjJpbis1Y1RLL2ZkOUlUd2VOZDJKVTVEaE92RnRFbW1DZmUKbDNqdC9MdmRaZUZkRjVYYXBmQS9wK1ZBdTZmeGdRMlhGbXlYcXYwWHlNbldSN1Q0V2JwbWxKeHlLSFNtWU1YOApyTWxQOUlIbHgweXBlRFpjMnRBa3VXZnVEWHlNcDJ3dENuaEsvTXY4bUNCRkpCd1dyTEdLSnlKT0p3Sks5Q0RNCkE4WnE3V3hiY3I1VXZtTTdOUjFMQmwzT0Jpd2lYdGpZVVFLQ0FRRUExdm1lWW9FWUFJa1Y1VGR1cFZEWWtETnkKbjFPdmlkajZKcU1xK0VuK0NGdWZWc2hkZW1sUENrU1h1bXE5VHJFT2FIWjBoRktTcFRHcmlqc1VNUWo3M3VZUQpDZFdkTkV6TVFrRGFnWEZIbk5NMmVaU25GWGliRENGYnpxelhnTkdHamx6Q1J1TG8zWllMNTFiT1YvQ2I3Vml2CkFWb3lzM1IxbFNzUnVsV29BaVhtZFE5L1R0YlFZaEFMYStZTmpkdzEvUU81M0hBWnJLY3lKRHkyMEFoSWx0T20KamE0bkRmZXArREZyazVzWFZYVUIvaVNCYXVCczgvTWcxM1ZtYXJ5Tkc3N0w2cVNOVHNCQk5HejFKTkh3RmlzYgpqWVpZbnV1THJDUytzZ1c4S2ZWamdrUkthSURmNHNCWjM4ajBqSDZmbEs4YXdsbTA4ZCt3WUwzV3MrT3p4UT09Ci0tLS0tRU5EIFJTQSBQUklWQVRFIEtFWS0tLS0tCg==\n    token: tdskm2ig30ueq2l7bvw574pu8d6z165o9bbqjelsui66xh0bnnxkipiq5vbustuybgidd3rh5jjc78ap8k1iaw7xz2lhvsi9nfq0jg4qt8q8tvvaam2uz3ekipt9tus1\n",
            "kubelet_identity": [
              {
                "client_id": "3a1eb0b2-e671-458d-8401-b8ac4ed20e51",
                "object_id": "4b50d505-7378-4898-b321-6a018a824b80",
                "user_assigned_identity_id": "/subscriptions/2d171ba6-7d61-4bf5-a589-4f6469c86050/resourceGroups/MC_terraform-rg_aks-casopractico2_westeurope/providers/Microsoft.ManagedIdentity/userAssignedIdentities/aks-casopractico2-agentpool"
              }
            ],
            "kubernetes_version": "1.30",
            "linux_profile": [],
            "local_account_disabled": false,
            "location": "westeurope",
            "maintenance_window": [],
            "maintenance_window_auto_upgrade": [],
            "maintenance_window_node_os": [],
            "microsoft_defender": [],
            "monitor_metrics": [],
            "name": "aks-casopractico2",
            "network_profile": [
              {
                "dns_service_ip": "10.0.0.10",
                "ip_versions": [
                  "IPv4"
                ],
                "load_balancer_profile": [
                  {
                    "backend_pool_type": "NodeIPConfiguration",
                    "effective_outbound_ips": [
                      "/subscriptions/2d171ba6-7d61-4bf5-a589-4f6469c86050/resourceGroups/MC_terraform-rg_aks-casopractico2_westeurope/providers/Microsoft.Network/publicIPAddresses/2df4f44f-1472-44ae-86e4-1c194e942d4b"
                    ],
                    "idle_timeout_in_minutes": 0,
                    "managed_outbound_ip_count": 1,
                    "managed_outbound_ipv6_count": 0,
                    "outbound_ip_address_ids": [],
                    "outbound_ip_prefix_ids": [],
                    "outbound_ports_allocated": 0
                  }
                ],
                "load_balancer_sku": "standard",
                "nat_gateway_profile": [],
                "network_data_plane": "azure",
                "network_mode": "",
                "network_plugin": "azure",
                "network_plugin_mode": "overlay",
                "network_policy": "",
                "outbound_type": "loadBalancer",
                "pod_cidr": "10.244.0.0/16",
                "pod_cidrs": [
                  "10.244.0.0/16"
                ],
                "service_cidr": "10.0.0.0/16",
                "service_cidrs": [
                  "10.0.0.0/16"
                ]
              }
            ],
            "node_os_upgrade_channel": "NodeImage",
            "node_resource_group": "MC_terraform-rg_aks-casopractico2_westeurope",
            "node_resource_group_id": "/subscriptions/2d171ba6-7d61-4bf5-a589-4f6469c86050/resourceGroups/MC_terraform-rg_aks-casopractico2_westeurope",
            "oidc_issuer_enabled": false,
            "oidc_issuer_url": "",
            "oms_agent": [],
            "open_service_mesh_enabled": null,
            "portal_fqdn": "casopractico2-19ojbdar.portal.hcp.westeurope.azmk8s.io",
            "private_cluster_enabled": false,
            "private_cluster_public_fqdn_enabled": false,
            "private_dns_zone_id": "",
            "private_fqdn": "",
            "resource_group_name": "terraform-rg",
            "role_based_access_control_enabled": true,
            "run_command_enabled": true,
            "service_mesh_profile": [],
            "service_principal": [],
            "sku_tier": "Standard",
            "storage_profile": [],
            "support_plan": "KubernetesOfficial",
            "tags": {
              "environment": "casopractico2"
            },
            "timeouts": null,
            "upgrade_override": [],
            "web_app_routing": [],
            "windows_profile": [],
            "workload_autoscaler_profile": [],
            "workload_identity_enabled": false
          },
          "sensitive_attributes": [
            [
              {
                "type": "get_attr",
                "value": "kube_config"
              }
            ],
            [
              {
                "type": "get_attr",
                "value": "kube_admin_config"
              }
            ],
            [
              {
                "type": "get_attr",
                "value": "kube_config_raw"
              }
            ],
            [
              {
                "type": "get_attr",
                "value": "kube_admin_config_raw"
              }
            ]
          ],
          "private": "eyJlMmJmYjczMC1lY2FhLTExZTYtOGY4OC0zNDM2M2JjN2M0YzAiOnsiY3JlYXRlIjo1NDAwMDAwMDAwMDAwLCJkZWxldGUiOjU0MDAwMDAwMDAwMDAsInJlYWQiOjMwMDAwMDAwMDAwMCwidXBkYXRlIjo1NDAwMDAwMDAwMDAwfSwic2NoZW1hX3ZlcnNpb24iOiIyIn0=",
          "dependencies": [
            "azurerm_resource_group.rg"
          ]
        }
      ]
    },
    {
      "mode": "managed",
      "type": "azurerm_linux_virtual_machine",
      "name": "vm",
      "provider": "provider[\"registry.terraform.io/hashicorp/azurerm\"]",
      "instances": [
        {
          "schema_version": 0,
          "attributes": {
            "additional_capabilities": [],
            "admin_password": null,
            "admin_ssh_key": [
              {
                "public_key": "ssh-rsa AAAAB3NzaC1yc2EAAAADAQABAAACAQDBC/s8WgqDvxZ0DacazAcobw1B8UO/um5XTQ1c+whzGSZMseKfysMLfWqe0GtWgWJAS5tHXZdqW/HE7YWgdKzlnvT1/oqvOYqBFBkTheQwUgX+OrIQd/6q43/QrcJ2J9tgnTigI3nKtja6p7VolDd/7SrRbyLsw+PWgWOoINznALi6BGQE6MFluRnvRi9qsWv5Y28p0u7oRIrJm+z3hfdMK69twfRMuTFyA+CAlRRP7WWpk2g3x5GjmGcvLTBFw8WizAbYxhX/uisVstrWdvEzMzUL0I6EQZhkeduKLUlbvQ9VlhFvmdL/WhkAglc6CP6c8UQTQxVwi1caA33JeKn6zM7o/rRnZBCLNFKZn2gkkAj96m2UsqwRABGacR2xug6AIocfzAgzWyvEq8y+cw7VlxNR0vj907vuIE7TbB7cOyOY76N2w47gZ3a30eHZ32sfQGIgfTZOsatpUX5VawFybw5NRKYHZHcZwvBA4bj1G/H1VFlVfECUUSLC4T9nh2eRq6j4LjmadyJk6nw0EwMR7yBXWBmRSYqYH++t0pns72stiGwVB+xbgBoMjgqf30HYrmKo0AeG7KGYf0cdKgBGiPddcX91t1/fs8KvlzKcRT6UxS/SC8mwPhXb8ANMcHtdPvJsnTsnj0H0uhnIwfpZi8Oq1FPXJUQv37kaNMjUMQ== root@DESKTOP-O2UF5DT\n",
                "username": "azureuser"
              }
            ],
            "admin_username": "azureuser",
            "allow_extension_operations": true,
            "availability_set_id": "",
            "boot_diagnostics": [],
            "bypass_platform_safety_checks_on_user_schedule_enabled": false,
            "capacity_reservation_group_id": "",
            "computer_name": "terraform-vm",
            "custom_data": null,
            "dedicated_host_group_id": "",
            "dedicated_host_id": "",
            "disable_password_authentication": true,
            "disk_controller_type": "",
            "edge_zone": "",
            "encryption_at_host_enabled": false,
            "eviction_policy": "",
            "extensions_time_budget": "PT1H30M",
            "gallery_application": [],
            "id": "/subscriptions/2d171ba6-7d61-4bf5-a589-4f6469c86050/resourceGroups/terraform-rg/providers/Microsoft.Compute/virtualMachines/terraform-vm",
            "identity": [],
            "license_type": "",
            "location": "westeurope",
            "max_bid_price": -1,
            "name": "terraform-vm",
            "network_interface_ids": [
              "/subscriptions/2d171ba6-7d61-4bf5-a589-4f6469c86050/resourceGroups/terraform-rg/providers/Microsoft.Network/networkInterfaces/terraform-vm-nic"
            ],
            "os_disk": [
              {
                "caching": "ReadWrite",
                "diff_disk_settings": [],
                "disk_encryption_set_id": "",
                "disk_size_gb": 30,
                "id": "/subscriptions/2d171ba6-7d61-4bf5-a589-4f6469c86050/resourceGroups/terraform-rg/providers/Microsoft.Compute/disks/terraform-vm_disk1_204c9b0b95fd4e868fc33829da008c0a",
                "name": "terraform-vm_disk1_204c9b0b95fd4e868fc33829da008c0a",
                "secure_vm_disk_encryption_set_id": "",
                "security_encryption_type": "",
                "storage_account_type": "Standard_LRS",
                "write_accelerator_enabled": false
              }
            ],
            "os_image_notification": [],
            "patch_assessment_mode": "ImageDefault",
            "patch_mode": "ImageDefault",
            "plan": [],
            "platform_fault_domain": -1,
            "priority": "Regular",
            "private_ip_address": "10.0.1.6",
            "private_ip_addresses": [
              "10.0.1.6"
            ],
            "provision_vm_agent": true,
            "proximity_placement_group_id": "",
            "public_ip_address": "51.144.108.226",
            "public_ip_addresses": [
              "51.144.108.226"
            ],
            "reboot_setting": "",
            "resource_group_name": "terraform-rg",
            "secret": [],
            "secure_boot_enabled": false,
            "size": "Standard_B1s",
            "source_image_id": "",
            "source_image_reference": [
              {
                "offer": "UbuntuServer",
                "publisher": "Canonical",
                "sku": "18.04-LTS",
                "version": "latest"
              }
            ],
            "tags": {},
            "termination_notification": [],
            "timeouts": null,
            "user_data": "",
            "virtual_machine_id": "b35b9c7f-ee2e-4943-b96c-0c74ebfd1451",
            "virtual_machine_scale_set_id": "",
            "vm_agent_platform_updates_enabled": false,
            "vtpm_enabled": false,
            "zone": ""
          },
          "sensitive_attributes": [
            [
              {
                "type": "get_attr",
                "value": "custom_data"
              }
            ],
            [
              {
                "type": "get_attr",
                "value": "admin_password"
              }
            ]
          ],
          "private": "eyJlMmJmYjczMC1lY2FhLTExZTYtOGY4OC0zNDM2M2JjN2M0YzAiOnsiY3JlYXRlIjoyNzAwMDAwMDAwMDAwLCJkZWxldGUiOjI3MDAwMDAwMDAwMDAsInJlYWQiOjMwMDAwMDAwMDAwMCwidXBkYXRlIjoyNzAwMDAwMDAwMDAwfX0=",
          "dependencies": [
            "azurerm_network_interface.vm_nic",
            "azurerm_public_ip.vm_public_ip",
            "azurerm_resource_group.rg",
            "azurerm_ssh_public_key.ssh_key",
            "azurerm_subnet.subnet",
            "azurerm_virtual_network.vnet"
          ]
        }
      ]
    },
    {
      "mode": "managed",
      "type": "azurerm_network_interface",
      "name": "vm_nic",
      "provider": "provider[\"registry.terraform.io/hashicorp/azurerm\"]",
      "instances": [
        {
          "schema_version": 0,
          "attributes": {
            "accelerated_networking_enabled": false,
            "applied_dns_servers": [],
            "auxiliary_mode": "",
            "auxiliary_sku": "",
            "dns_servers": [],
            "edge_zone": "",
            "id": "/subscriptions/2d171ba6-7d61-4bf5-a589-4f6469c86050/resourceGroups/terraform-rg/providers/Microsoft.Network/networkInterfaces/terraform-vm-nic",
            "internal_dns_name_label": "",
            "internal_domain_name_suffix": "1nywcrivegaelbn3nhiwqqgidg.ax.internal.cloudapp.net",
            "ip_configuration": [
              {
                "gateway_load_balancer_frontend_ip_configuration_id": "",
                "name": "internal",
                "primary": true,
                "private_ip_address": "10.0.1.6",
                "private_ip_address_allocation": "Dynamic",
                "private_ip_address_version": "IPv4",
                "public_ip_address_id": "/subscriptions/2d171ba6-7d61-4bf5-a589-4f6469c86050/resourceGroups/terraform-rg/providers/Microsoft.Network/publicIPAddresses/terraform-vm-public-ip",
                "subnet_id": "/subscriptions/2d171ba6-7d61-4bf5-a589-4f6469c86050/resourceGroups/terraform-rg/providers/Microsoft.Network/virtualNetworks/terraform-vnet/subnets/terraform-subnet"
              }
            ],
            "ip_forwarding_enabled": false,
            "location": "westeurope",
            "mac_address": "7C-ED-8D-0E-C4-9A",
            "name": "terraform-vm-nic",
            "private_ip_address": "10.0.1.6",
            "private_ip_addresses": [
              "10.0.1.6"
            ],
            "resource_group_name": "terraform-rg",
            "tags": {},
            "timeouts": null,
            "virtual_machine_id": "/subscriptions/2d171ba6-7d61-4bf5-a589-4f6469c86050/resourceGroups/terraform-rg/providers/Microsoft.Compute/virtualMachines/terraform-vm"
          },
          "sensitive_attributes": [],
          "private": "eyJlMmJmYjczMC1lY2FhLTExZTYtOGY4OC0zNDM2M2JjN2M0YzAiOnsiY3JlYXRlIjoxODAwMDAwMDAwMDAwLCJkZWxldGUiOjE4MDAwMDAwMDAwMDAsInJlYWQiOjMwMDAwMDAwMDAwMCwidXBkYXRlIjoxODAwMDAwMDAwMDAwfX0=",
          "dependencies": [
            "azurerm_public_ip.vm_public_ip",
            "azurerm_resource_group.rg",
            "azurerm_subnet.subnet",
            "azurerm_virtual_network.vnet"
          ]
        }
      ]
    },
    {
      "mode": "managed",
      "type": "azurerm_network_interface_security_group_association",
      "name": "vm_nsg_assoc",
      "provider": "provider[\"registry.terraform.io/hashicorp/azurerm\"]",
      "instances": [
        {
          "schema_version": 0,
          "attributes": {
            "id": "/subscriptions/2d171ba6-7d61-4bf5-a589-4f6469c86050/resourceGroups/terraform-rg/providers/Microsoft.Network/networkInterfaces/terraform-vm-nic|/subscriptions/2d171ba6-7d61-4bf5-a589-4f6469c86050/resourceGroups/terraform-rg/providers/Microsoft.Network/networkSecurityGroups/terraform-vm-nsg",
            "network_interface_id": "/subscriptions/2d171ba6-7d61-4bf5-a589-4f6469c86050/resourceGroups/terraform-rg/providers/Microsoft.Network/networkInterfaces/terraform-vm-nic",
            "network_security_group_id": "/subscriptions/2d171ba6-7d61-4bf5-a589-4f6469c86050/resourceGroups/terraform-rg/providers/Microsoft.Network/networkSecurityGroups/terraform-vm-nsg",
            "timeouts": null
          },
          "sensitive_attributes": [],
          "private": "eyJlMmJmYjczMC1lY2FhLTExZTYtOGY4OC0zNDM2M2JjN2M0YzAiOnsiY3JlYXRlIjoxODAwMDAwMDAwMDAwLCJkZWxldGUiOjE4MDAwMDAwMDAwMDAsInJlYWQiOjMwMDAwMDAwMDAwMH19",
          "dependencies": [
            "azurerm_network_interface.vm_nic",
            "azurerm_network_security_group.vm_sg",
            "azurerm_public_ip.vm_public_ip",
            "azurerm_resource_group.rg",
            "azurerm_subnet.subnet",
            "azurerm_virtual_network.vnet"
          ]
        }
      ]
    },
    {
      "mode": "managed",
      "type": "azurerm_network_security_group",
      "name": "vm_sg",
      "provider": "provider[\"registry.terraform.io/hashicorp/azurerm\"]",
      "instances": [
        {
          "schema_version": 0,
          "attributes": {
            "id": "/subscriptions/2d171ba6-7d61-4bf5-a589-4f6469c86050/resourceGroups/terraform-rg/providers/Microsoft.Network/networkSecurityGroups/terraform-vm-nsg",
            "location": "westeurope",
            "name": "terraform-vm-nsg",
            "resource_group_name": "terraform-rg",
            "security_rule": [
              {
                "access": "Allow",
                "description": "",
                "destination_address_prefix": "*",
                "destination_address_prefixes": [],
                "destination_application_security_group_ids": [],
                "destination_port_range": "*",
                "destination_port_ranges": [],
                "direction": "Outbound",
                "name": "Allow-All-Outbound",
                "priority": 300,
                "protocol": "*",
                "source_address_prefix": "*",
                "source_address_prefixes": [],
                "source_application_security_group_ids": [],
                "source_port_range": "*",
                "source_port_ranges": []
              },
              {
                "access": "Allow",
                "description": "",
                "destination_address_prefix": "*",
                "destination_address_prefixes": [],
                "destination_application_security_group_ids": [],
                "destination_port_range": "22",
                "destination_port_ranges": [],
                "direction": "Inbound",
                "name": "Allow-SSH",
                "priority": 100,
                "protocol": "Tcp",
                "source_address_prefix": "*",
                "source_address_prefixes": [],
                "source_application_security_group_ids": [],
                "source_port_range": "*",
                "source_port_ranges": []
              },
              {
                "access": "Allow",
                "description": "",
                "destination_address_prefix": "*",
                "destination_address_prefixes": [],
                "destination_application_security_group_ids": [],
                "destination_port_range": "80",
                "destination_port_ranges": [],
                "direction": "Inbound",
                "name": "Allow-HTTP",
                "priority": 200,
                "protocol": "Tcp",
                "source_address_prefix": "*",
                "source_address_prefixes": [],
                "source_application_security_group_ids": [],
                "source_port_range": "*",
                "source_port_ranges": []
              }
            ],
            "tags": {},
            "timeouts": null
          },
          "sensitive_attributes": [],
          "private": "eyJlMmJmYjczMC1lY2FhLTExZTYtOGY4OC0zNDM2M2JjN2M0YzAiOnsiY3JlYXRlIjoxODAwMDAwMDAwMDAwLCJkZWxldGUiOjE4MDAwMDAwMDAwMDAsInJlYWQiOjMwMDAwMDAwMDAwMCwidXBkYXRlIjoxODAwMDAwMDAwMDAwfX0=",
          "dependencies": [
            "azurerm_resource_group.rg"
          ]
        }
      ]
    },
    {
      "mode": "managed",
      "type": "azurerm_network_security_rule",
      "name": "allow_http",
      "provider": "provider[\"registry.terraform.io/hashicorp/azurerm\"]",
      "instances": [
        {
          "schema_version": 0,
          "attributes": {
            "access": "Allow",
            "description": "",
            "destination_address_prefix": "*",
            "destination_address_prefixes": [],
            "destination_application_security_group_ids": [],
            "destination_port_range": "80",
            "destination_port_ranges": [],
            "direction": "Inbound",
            "id": "/subscriptions/2d171ba6-7d61-4bf5-a589-4f6469c86050/resourceGroups/terraform-rg/providers/Microsoft.Network/networkSecurityGroups/terraform-vm-nsg/securityRules/Allow-HTTP",
            "name": "Allow-HTTP",
            "network_security_group_name": "terraform-vm-nsg",
            "priority": 200,
            "protocol": "Tcp",
            "resource_group_name": "terraform-rg",
            "source_address_prefix": "*",
            "source_address_prefixes": [],
            "source_application_security_group_ids": [],
            "source_port_range": "*",
            "source_port_ranges": [],
            "timeouts": null
          },
          "sensitive_attributes": [],
          "private": "eyJlMmJmYjczMC1lY2FhLTExZTYtOGY4OC0zNDM2M2JjN2M0YzAiOnsiY3JlYXRlIjoxODAwMDAwMDAwMDAwLCJkZWxldGUiOjE4MDAwMDAwMDAwMDAsInJlYWQiOjMwMDAwMDAwMDAwMCwidXBkYXRlIjoxODAwMDAwMDAwMDAwfX0=",
          "dependencies": [
            "azurerm_network_security_group.vm_sg",
            "azurerm_resource_group.rg"
          ]
        }
      ]
    },
    {
      "mode": "managed",
      "type": "azurerm_network_security_rule",
      "name": "allow_outbound",
      "provider": "provider[\"registry.terraform.io/hashicorp/azurerm\"]",
      "instances": [
        {
          "schema_version": 0,
          "attributes": {
            "access": "Allow",
            "description": "",
            "destination_address_prefix": "*",
            "destination_address_prefixes": [],
            "destination_application_security_group_ids": [],
            "destination_port_range": "*",
            "destination_port_ranges": [],
            "direction": "Outbound",
            "id": "/subscriptions/2d171ba6-7d61-4bf5-a589-4f6469c86050/resourceGroups/terraform-rg/providers/Microsoft.Network/networkSecurityGroups/terraform-vm-nsg/securityRules/Allow-All-Outbound",
            "name": "Allow-All-Outbound",
            "network_security_group_name": "terraform-vm-nsg",
            "priority": 300,
            "protocol": "*",
            "resource_group_name": "terraform-rg",
            "source_address_prefix": "*",
            "source_address_prefixes": [],
            "source_application_security_group_ids": [],
            "source_port_range": "*",
            "source_port_ranges": [],
            "timeouts": null
          },
          "sensitive_attributes": [],
          "private": "eyJlMmJmYjczMC1lY2FhLTExZTYtOGY4OC0zNDM2M2JjN2M0YzAiOnsiY3JlYXRlIjoxODAwMDAwMDAwMDAwLCJkZWxldGUiOjE4MDAwMDAwMDAwMDAsInJlYWQiOjMwMDAwMDAwMDAwMCwidXBkYXRlIjoxODAwMDAwMDAwMDAwfX0=",
          "dependencies": [
            "azurerm_network_security_group.vm_sg",
            "azurerm_resource_group.rg"
          ]
        }
      ]
    },
    {
      "mode": "managed",
      "type": "azurerm_network_security_rule",
      "name": "allow_ssh",
      "provider": "provider[\"registry.terraform.io/hashicorp/azurerm\"]",
      "instances": [
        {
          "schema_version": 0,
          "attributes": {
            "access": "Allow",
            "description": "",
            "destination_address_prefix": "*",
            "destination_address_prefixes": [],
            "destination_application_security_group_ids": [],
            "destination_port_range": "22",
            "destination_port_ranges": [],
            "direction": "Inbound",
            "id": "/subscriptions/2d171ba6-7d61-4bf5-a589-4f6469c86050/resourceGroups/terraform-rg/providers/Microsoft.Network/networkSecurityGroups/terraform-vm-nsg/securityRules/Allow-SSH",
            "name": "Allow-SSH",
            "network_security_group_name": "terraform-vm-nsg",
            "priority": 100,
            "protocol": "Tcp",
            "resource_group_name": "terraform-rg",
            "source_address_prefix": "*",
            "source_address_prefixes": [],
            "source_application_security_group_ids": [],
            "source_port_range": "*",
            "source_port_ranges": [],
            "timeouts": null
          },
          "sensitive_attributes": [],
          "private": "eyJlMmJmYjczMC1lY2FhLTExZTYtOGY4OC0zNDM2M2JjN2M0YzAiOnsiY3JlYXRlIjoxODAwMDAwMDAwMDAwLCJkZWxldGUiOjE4MDAwMDAwMDAwMDAsInJlYWQiOjMwMDAwMDAwMDAwMCwidXBkYXRlIjoxODAwMDAwMDAwMDAwfX0=",
          "dependencies": [
            "azurerm_network_security_group.vm_sg",
            "azurerm_resource_group.rg"
          ]
        }
      ]
    },
    {
      "mode": "managed",
      "type": "azurerm_public_ip",
      "name": "vm_public_ip",
      "provider": "provider[\"registry.terraform.io/hashicorp/azurerm\"]",
      "instances": [
        {
          "schema_version": 0,
          "attributes": {
            "allocation_method": "Static",
            "ddos_protection_mode": "VirtualNetworkInherited",
            "ddos_protection_plan_id": null,
            "domain_name_label": null,
            "domain_name_label_scope": null,
            "edge_zone": "",
            "fqdn": null,
            "id": "/subscriptions/2d171ba6-7d61-4bf5-a589-4f6469c86050/resourceGroups/terraform-rg/providers/Microsoft.Network/publicIPAddresses/terraform-vm-public-ip",
            "idle_timeout_in_minutes": 4,
            "ip_address": "51.144.108.226",
            "ip_tags": {},
            "ip_version": "IPv4",
            "location": "westeurope",
            "name": "terraform-vm-public-ip",
            "public_ip_prefix_id": null,
            "resource_group_name": "terraform-rg",
            "reverse_fqdn": null,
            "sku": "Standard",
            "sku_tier": "Regional",
            "tags": {},
            "timeouts": null,
            "zones": []
          },
          "sensitive_attributes": [],
          "private": "eyJlMmJmYjczMC1lY2FhLTExZTYtOGY4OC0zNDM2M2JjN2M0YzAiOnsiY3JlYXRlIjoxODAwMDAwMDAwMDAwLCJkZWxldGUiOjE4MDAwMDAwMDAwMDAsInJlYWQiOjMwMDAwMDAwMDAwMCwidXBkYXRlIjoxODAwMDAwMDAwMDAwfX0=",
          "dependencies": [
            "azurerm_resource_group.rg"
          ]
        }
      ]
    },
    {
      "mode": "managed",
      "type": "azurerm_resource_group",
      "name": "rg",
      "provider": "provider[\"registry.terraform.io/hashicorp/azurerm\"]",
      "instances": [
        {
          "schema_version": 0,
          "attributes": {
            "id": "/subscriptions/2d171ba6-7d61-4bf5-a589-4f6469c86050/resourceGroups/terraform-rg",
            "location": "westeurope",
            "managed_by": "",
            "name": "terraform-rg",
            "tags": {},
            "timeouts": null
          },
          "sensitive_attributes": [],
          "private": "eyJlMmJmYjczMC1lY2FhLTExZTYtOGY4OC0zNDM2M2JjN2M0YzAiOnsiY3JlYXRlIjo1NDAwMDAwMDAwMDAwLCJkZWxldGUiOjU0MDAwMDAwMDAwMDAsInJlYWQiOjMwMDAwMDAwMDAwMCwidXBkYXRlIjo1NDAwMDAwMDAwMDAwfX0="
        }
      ]
    },
    {
      "mode": "managed",
      "type": "azurerm_role_assignment",
      "name": "ra-perm",
      "provider": "provider[\"registry.terraform.io/hashicorp/azurerm\"]",
      "instances": [
        {
          "schema_version": 0,
          "attributes": {
            "condition": "",
            "condition_version": "",
            "delegated_managed_identity_resource_id": "",
            "description": "",
            "id": "/subscriptions/2d171ba6-7d61-4bf5-a589-4f6469c86050/resourceGroups/terraform-rg/providers/Microsoft.ContainerRegistry/registries/terraformacr2025/providers/Microsoft.Authorization/roleAssignments/58f3e055-5027-ac15-c12b-e08cb27903e7",
            "name": "58f3e055-5027-ac15-c12b-e08cb27903e7",
            "principal_id": "82227edf-d070-471d-9390-2b286fc42b78",
            "principal_type": "ServicePrincipal",
            "role_definition_id": "/subscriptions/2d171ba6-7d61-4bf5-a589-4f6469c86050/providers/Microsoft.Authorization/roleDefinitions/7f951dda-4ed3-4680-a7ca-43fe172d538d",
            "role_definition_name": "AcrPull",
            "scope": "/subscriptions/2d171ba6-7d61-4bf5-a589-4f6469c86050/resourceGroups/terraform-rg/providers/Microsoft.ContainerRegistry/registries/terraformacr2025",
            "skip_service_principal_aad_check": null,
            "timeouts": null
          },
          "sensitive_attributes": [],
          "private": "eyJlMmJmYjczMC1lY2FhLTExZTYtOGY4OC0zNDM2M2JjN2M0YzAiOnsiY3JlYXRlIjoxODAwMDAwMDAwMDAwLCJkZWxldGUiOjE4MDAwMDAwMDAwMDAsInJlYWQiOjMwMDAwMDAwMDAwMH19",
          "dependencies": [
            "azurerm_container_registry.acr",
            "azurerm_kubernetes_cluster.tf-aks",
            "azurerm_resource_group.rg"
          ]
        }
      ]
    },
    {
      "mode": "managed",
      "type": "azurerm_ssh_public_key",
      "name": "ssh_key",
      "provider": "provider[\"registry.terraform.io/hashicorp/azurerm\"]",
      "instances": [
        {
          "schema_version": 0,
          "attributes": {
            "id": "/subscriptions/2d171ba6-7d61-4bf5-a589-4f6469c86050/resourceGroups/terraform-rg/providers/Microsoft.Compute/sshPublicKeys/terraform-ssh-key",
            "location": "westeurope",
            "name": "terraform-ssh-key",
            "public_key": "ssh-rsa AAAAB3NzaC1yc2EAAAADAQABAAACAQDBC/s8WgqDvxZ0DacazAcobw1B8UO/um5XTQ1c+whzGSZMseKfysMLfWqe0GtWgWJAS5tHXZdqW/HE7YWgdKzlnvT1/oqvOYqBFBkTheQwUgX+OrIQd/6q43/QrcJ2J9tgnTigI3nKtja6p7VolDd/7SrRbyLsw+PWgWOoINznALi6BGQE6MFluRnvRi9qsWv5Y28p0u7oRIrJm+z3hfdMK69twfRMuTFyA+CAlRRP7WWpk2g3x5GjmGcvLTBFw8WizAbYxhX/uisVstrWdvEzMzUL0I6EQZhkeduKLUlbvQ9VlhFvmdL/WhkAglc6CP6c8UQTQxVwi1caA33JeKn6zM7o/rRnZBCLNFKZn2gkkAj96m2UsqwRABGacR2xug6AIocfzAgzWyvEq8y+cw7VlxNR0vj907vuIE7TbB7cOyOY76N2w47gZ3a30eHZ32sfQGIgfTZOsatpUX5VawFybw5NRKYHZHcZwvBA4bj1G/H1VFlVfECUUSLC4T9nh2eRq6j4LjmadyJk6nw0EwMR7yBXWBmRSYqYH++t0pns72stiGwVB+xbgBoMjgqf30HYrmKo0AeG7KGYf0cdKgBGiPddcX91t1/fs8KvlzKcRT6UxS/SC8mwPhXb8ANMcHtdPvJsnTsnj0H0uhnIwfpZi8Oq1FPXJUQv37kaNMjUMQ== root@DESKTOP-O2UF5DT\n",
            "resource_group_name": "terraform-rg",
            "tags": {},
            "timeouts": null
          },
          "sensitive_attributes": [],
          "private": "eyJlMmJmYjczMC1lY2FhLTExZTYtOGY4OC0zNDM2M2JjN2M0YzAiOnsiY3JlYXRlIjoyNzAwMDAwMDAwMDAwLCJkZWxldGUiOjI3MDAwMDAwMDAwMDAsInJlYWQiOjMwMDAwMDAwMDAwMCwidXBkYXRlIjoyNzAwMDAwMDAwMDAwfX0=",
          "dependencies": [
            "azurerm_resource_group.rg"
          ]
        }
      ]
    },
    {
      "mode": "managed",
      "type": "azurerm_subnet",
      "name": "subnet",
      "provider": "provider[\"registry.terraform.io/hashicorp/azurerm\"]",
      "instances": [
        {
          "schema_version": 0,
          "attributes": {
            "address_prefixes": [
              "10.0.1.0/24"
            ],
            "default_outbound_access_enabled": true,
            "delegation": [],
            "id": "/subscriptions/2d171ba6-7d61-4bf5-a589-4f6469c86050/resourceGroups/terraform-rg/providers/Microsoft.Network/virtualNetworks/terraform-vnet/subnets/terraform-subnet",
            "name": "terraform-subnet",
            "private_endpoint_network_policies": "Disabled",
            "private_link_service_network_policies_enabled": true,
            "resource_group_name": "terraform-rg",
            "service_endpoint_policy_ids": [],
            "service_endpoints": [],
            "timeouts": null,
            "virtual_network_name": "terraform-vnet"
          },
          "sensitive_attributes": [],
          "private": "eyJlMmJmYjczMC1lY2FhLTExZTYtOGY4OC0zNDM2M2JjN2M0YzAiOnsiY3JlYXRlIjoxODAwMDAwMDAwMDAwLCJkZWxldGUiOjE4MDAwMDAwMDAwMDAsInJlYWQiOjMwMDAwMDAwMDAwMCwidXBkYXRlIjoxODAwMDAwMDAwMDAwfX0=",
          "dependencies": [
            "azurerm_resource_group.rg",
            "azurerm_virtual_network.vnet"
          ]
        }
      ]
    },
    {
      "mode": "managed",
      "type": "azurerm_virtual_network",
      "name": "vnet",
      "provider": "provider[\"registry.terraform.io/hashicorp/azurerm\"]",
      "instances": [
        {
          "schema_version": 0,
          "attributes": {
            "address_space": [
              "10.0.0.0/16"
            ],
            "bgp_community": "",
            "ddos_protection_plan": [],
            "dns_servers": [],
            "edge_zone": "",
            "encryption": [],
            "flow_timeout_in_minutes": 0,
            "guid": "456171db-2115-4580-85bd-69d16840c81e",
            "id": "/subscriptions/2d171ba6-7d61-4bf5-a589-4f6469c86050/resourceGroups/terraform-rg/providers/Microsoft.Network/virtualNetworks/terraform-vnet",
            "location": "westeurope",
            "name": "terraform-vnet",
            "private_endpoint_vnet_policies": "Disabled",
            "resource_group_name": "terraform-rg",
            "subnet": [
              {
                "address_prefixes": [
                  "10.0.1.0/24"
                ],
                "default_outbound_access_enabled": true,
                "delegation": [],
                "id": "/subscriptions/2d171ba6-7d61-4bf5-a589-4f6469c86050/resourceGroups/terraform-rg/providers/Microsoft.Network/virtualNetworks/terraform-vnet/subnets/terraform-subnet",
                "name": "terraform-subnet",
                "private_endpoint_network_policies": "Disabled",
                "private_link_service_network_policies_enabled": true,
                "route_table_id": "",
                "security_group": "",
                "service_endpoint_policy_ids": [],
                "service_endpoints": []
              }
            ],
            "tags": {},
            "timeouts": null
          },
          "sensitive_attributes": [],
          "private": "eyJlMmJmYjczMC1lY2FhLTExZTYtOGY4OC0zNDM2M2JjN2M0YzAiOnsiY3JlYXRlIjoxODAwMDAwMDAwMDAwLCJkZWxldGUiOjE4MDAwMDAwMDAwMDAsInJlYWQiOjMwMDAwMDAwMDAwMCwidXBkYXRlIjoxODAwMDAwMDAwMDAwfX0=",
          "dependencies": [
            "azurerm_resource_group.rg"
          ]
        }
      ]
    }
  ],
  "check_results": null
}
